
Microsoft Visual Studio Solution File, Format Version 12.00
# Visual Studio Version 16
VisualStudioVersion = 16.0.29009.5
MinimumVisualStudioVersion = 10.0.40219.1
Project("{9A19103F-16F7-4668-BE54-9A1E7A4F7556}") = "AsyncClientServer", "AsyncClientServer\AsyncClientServer.csproj", "{CCF0D2CC-ECCD-4B9D-80B2-6C8E5DB409C1}"
EndProject
Project("{2150E333-8FDC-42A3-9474-1A3956D46DE8}") = "Examples", "Examples", "{D0192EE9-A1EE-44B7-B418-5FBE8BAFE639}"
EndProject
Project("{9A19103F-16F7-4668-BE54-9A1E7A4F7556}") = "NetCore.Console.Client", "Examples\NetCore.Console.Client\NetCore.Console.Client.csproj", "{42E8A4FC-A064-4906-80B0-EBB783AD16C3}"
EndProject
Project("{9A19103F-16F7-4668-BE54-9A1E7A4F7556}") = "NetCore.Console.Server", "Examples\NetCore.Console.Server\NetCore.Console.Server.csproj", "{D54E9D61-895F-400D-988C-D12AA51028CF}"
EndProject
Project("{FAE04EC0-301F-11D3-BF4B-00C04F79EFBC}") = "Winform.Client", "Examples\Winform.Client\Winform.Client.csproj", "{7C1A8199-228D-40F8-96AF-E2D69DD51363}"
EndProject
Project("{FAE04EC0-301F-11D3-BF4B-00C04F79EFBC}") = "Winform.Server", "Examples\Winform.Server\Winform.Server.csproj", "{4915E5B3-6708-4D6B-958F-BC26C4F7A84E}"
EndProject
Project("{FAE04EC0-301F-11D3-BF4B-00C04F79EFBC}") = "AsyncClientServer.Example.Client", "Examples\AsyncClientServer.Example.Client\AsyncClientServer.Example.Client.csproj", "{7954771B-7ABC-4082-A587-C0061B79C685}"
EndProject
Project("{FAE04EC0-301F-11D3-BF4B-00C04F79EFBC}") = "AsyncClientServer.Example.Server", "Examples\AsyncClientServer.Example.Server\AsyncClientServer.Example.Server.csproj", "{CFC2F5B7-BAEB-4B22-8A0C-9AB5AB4264A5}"
EndProject
Global
	GlobalSection(SolutionConfigurationPlatforms) = preSolution
		Debug|Any CPU = Debug|Any CPU
		Release|Any CPU = Release|Any CPU
	EndGlobalSection
	GlobalSection(ProjectConfigurationPlatforms) = postSolution
		{CCF0D2CC-ECCD-4B9D-80B2-6C8E5DB409C1}.Debug|Any CPU.ActiveCfg = Debug|Any CPU
		{CCF0D2CC-ECCD-4B9D-80B2-6C8E5DB409C1}.Debug|Any CPU.Build.0 = Debug|Any CPU
		{CCF0D2CC-ECCD-4B9D-80B2-6C8E5DB409C1}.Release|Any CPU.ActiveCfg = Release|Any CPU
		{CCF0D2CC-ECCD-4B9D-80B2-6C8E5DB409C1}.Release|Any CPU.Build.0 = Release|Any CPU
		{42E8A4FC-A064-4906-80B0-EBB783AD16C3}.Debug|Any CPU.ActiveCfg = Debug|Any CPU
		{42E8A4FC-A064-4906-80B0-EBB783AD16C3}.Debug|Any CPU.Build.0 = Debug|Any CPU
		{42E8A4FC-A064-4906-80B0-EBB783AD16C3}.Release|Any CPU.ActiveCfg = Release|Any CPU
		{42E8A4FC-A064-4906-80B0-EBB783AD16C3}.Release|Any CPU.Build.0 = Release|Any CPU
		{D54E9D61-895F-400D-988C-D12AA51028CF}.Debug|Any CPU.ActiveCfg = Debug|Any CPU
		{D54E9D61-895F-400D-988C-D12AA51028CF}.Debug|Any CPU.Build.0 = Debug|Any CPU
		{D54E9D61-895F-400D-988C-D12AA51028CF}.Release|Any CPU.ActiveCfg = Release|Any CPU
		{D54E9D61-895F-400D-988C-D12AA51028CF}.Release|Any CPU.Build.0 = Release|Any CPU
		{7C1A8199-228D-40F8-96AF-E2D69DD51363}.Debug|Any CPU.ActiveCfg = Debug|Any CPU
		{7C1A8199-228D-40F8-96AF-E2D69DD51363}.Debug|Any CPU.Build.0 = Debug|Any CPU
		{7C1A8199-228D-40F8-96AF-E2D69DD51363}.Release|Any CPU.ActiveCfg = Release|Any CPU
		{7C1A8199-228D-40F8-96AF-E2D69DD51363}.Release|Any CPU.Build.0 = Release|Any CPU
		{4915E5B3-6708-4D6B-958F-BC26C4F7A84E}.Debug|Any CPU.ActiveCfg = Debug|Any CPU
		{4915E5B3-6708-4D6B-958F-BC26C4F7A84E}.Debug|Any CPU.Build.0 = Debug|Any CPU
		{4915E5B3-6708-4D6B-958F-BC26C4F7A84E}.Release|Any CPU.ActiveCfg = Release|Any CPU
		{4915E5B3-6708-4D6B-958F-BC26C4F7A84E}.Release|Any CPU.Build.0 = Release|Any CPU
		{7954771B-7ABC-4082-A587-C0061B79C685}.Debug|Any CPU.ActiveCfg = Debug|Any CPU
		{7954771B-7ABC-4082-A587-C0061B79C685}.Debug|Any CPU.Build.0 = Debug|Any CPU
		{7954771B-7ABC-4082-A587-C0061B79C685}.Release|Any CPU.ActiveCfg = Release|Any CPU
		{7954771B-7ABC-4082-A587-C0061B79C685}.Release|Any CPU.Build.0 = Release|Any CPU
		{CFC2F5B7-BAEB-4B22-8A0C-9AB5AB4264A5}.Debug|Any CPU.ActiveCfg = Debug|Any CPU
		{CFC2F5B7-BAEB-4B22-8A0C-9AB5AB4264A5}.Debug|Any CPU.Build.0 = Debug|Any CPU
		{CFC2F5B7-BAEB-4B22-8A0C-9AB5AB4264A5}.Release|Any CPU.ActiveCfg = Release|Any CPU
		{CFC2F5B7-BAEB-4B22-8A0C-9AB5AB4264A5}.Release|Any CPU.Build.0 = Release|Any CPU
	EndGlobalSection
	GlobalSection(SolutionProperties) = preSolution
		HideSolutionNode = FALSE
	EndGlobalSection
	GlobalSection(NestedProjects) = preSolution
		{42E8A4FC-A064-4906-80B0-EBB783AD16C3} = {D0192EE9-A1EE-44B7-B418-5FBE8BAFE639}
		{D54E9D61-895F-400D-988C-D12AA51028CF} = {D0192EE9-A1EE-44B7-B418-5FBE8BAFE639}
		{7C1A8199-228D-40F8-96AF-E2D69DD51363} = {D0192EE9-A1EE-44B7-B418-5FBE8BAFE639}
		{4915E5B3-6708-4D6B-958F-BC26C4F7A84E} = {D0192EE9-A1EE-44B7-B418-5FBE8BAFE639}
		{7954771B-7ABC-4082-A587-C0061B79C685} = {D0192EE9-A1EE-44B7-B418-5FBE8BAFE639}
		{CFC2F5B7-BAEB-4B22-8A0C-9AB5AB4264A5} = {D0192EE9-A1EE-44B7-B418-5FBE8BAFE639}
	EndGlobalSection
	GlobalSection(ExtensibilityGlobals) = postSolution
		SolutionGuid = {5ABDE418-E0F0-4F49-B03C-84D8F94DAE6F}
	EndGlobalSection
EndGlobal
